{
  "name": "@ghasemkiani/base-app",
  "version": "3.13.0",
  "lockfileVersion": 2,
  "requires": true,
  "packages": {
    "": {
      "version": "3.13.0",
      "license": "MIT",
      "dependencies": {
        "@ghasemkiani/base": "github:ghasemkiani/base",
        "@ghasemkiani/base-utils": "github:ghasemkiani/base-utils",
        "commander": "^7.2.0",
        "graceful-fs": "^4.2.6",
        "preferences": "^2.0.2"
      }
    },
    "node_modules/@ghasemkiani/base": {
      "version": "2.0.1",
      "resolved": "git+ssh://git@github.com/ghasemkiani/base.git#dbc899d0d1bed2a0091e0c5239fc082ca259410c",
      "license": "MIT",
      "dependencies": {
        "mime-types": "^2.1.26"
      }
    },
    "node_modules/@ghasemkiani/base-utils": {
      "version": "1.1.0",
      "resolved": "git+ssh://git@github.com/ghasemkiani/base-utils.git#b16229b3c7e3f42826fbd8b677424df1232b0480",
      "license": "MIT",
      "dependencies": {
        "@ghasemkiani/base": "github:ghasemkiani/base"
      }
    },
    "node_modules/commander": {
      "version": "7.2.0",
      "resolved": "https://registry.npmjs.org/commander/-/commander-7.2.0.tgz",
      "integrity": "sha512-QrWXB+ZQSVPmIWIhtEO9H+gwHaMGYiF5ChvoJ+K9ZGHG/sVsa6yiesAD1GC/x46sET00Xlwo1u49RVVVzvcSkw==",
      "engines": {
        "node": ">= 10"
      }
    },
    "node_modules/graceful-fs": {
      "version": "4.2.6",
      "resolved": "https://registry.npmjs.org/graceful-fs/-/graceful-fs-4.2.6.tgz",
      "integrity": "sha512-nTnJ528pbqxYanhpDYsi4Rd8MAeaBA67+RZ10CM1m3bTAVFEDcd5AuA4a6W5YkGZ1iNXHzZz8T6TBKLeBuNriQ=="
    },
    "node_modules/mime-db": {
      "version": "1.47.0",
      "resolved": "https://registry.npmjs.org/mime-db/-/mime-db-1.47.0.tgz",
      "integrity": "sha512-QBmA/G2y+IfeS4oktet3qRZ+P5kPhCKRXxXnQEudYqUaEioAU1/Lq2us3D/t1Jfo4hE9REQPrbB7K5sOczJVIw==",
      "engines": {
        "node": ">= 0.6"
      }
    },
    "node_modules/mime-types": {
      "version": "2.1.30",
      "resolved": "https://registry.npmjs.org/mime-types/-/mime-types-2.1.30.tgz",
      "integrity": "sha512-crmjA4bLtR8m9qLpHvgxSChT+XoSlZi8J4n/aIdn3z92e/U47Z0V/yl+Wh9W046GgFVAmoNR/fmdbZYcSSIUeg==",
      "dependencies": {
        "mime-db": "1.47.0"
      },
      "engines": {
        "node": ">= 0.6"
      }
    },
    "node_modules/preferences": {
      "version": "2.0.2",
      "resolved": "https://registry.npmjs.org/preferences/-/preferences-2.0.2.tgz",
      "integrity": "sha512-Pc5qb/4ATHtikU4pky8MthNowe/yuhu5Wr7pPEC7pJyFZ2V7Nfh/9M0jNnZ64kiDK0nv1wDZ0TmY2ICMK0zjiw==",
      "dependencies": {
        "yaml": "^1.6.0"
      }
    },
    "node_modules/yaml": {
      "version": "1.10.2",
      "resolved": "https://registry.npmjs.org/yaml/-/yaml-1.10.2.tgz",
      "integrity": "sha512-r3vXyErRCYJ7wg28yvBY5VSoAF8ZvlcW9/BwUzEtUsjvX/DKs24dIkuwjtuprwJJHsbyUbLApepYTR1BN4uHrg==",
      "engines": {
        "node": ">= 6"
      }
    }
  },
  "dependencies": {
    "@ghasemkiani/base": {
      "version": "git+ssh://git@github.com/ghasemkiani/base.git#dbc899d0d1bed2a0091e0c5239fc082ca259410c",
      "from": "@ghasemkiani/base@github:ghasemkiani/base",
      "requires": {
        "mime-types": "^2.1.26"
      }
    },
    "@ghasemkiani/base-utils": {
      "version": "git+ssh://git@github.com/ghasemkiani/base-utils.git#b16229b3c7e3f42826fbd8b677424df1232b0480",
      "from": "@ghasemkiani/base-utils@github:ghasemkiani/base-utils",
      "requires": {
        "@ghasemkiani/base": "github:ghasemkiani/base"
      }
    },
    "commander": {
      "version": "7.2.0",
      "resolved": "https://registry.npmjs.org/commander/-/commander-7.2.0.tgz",
      "integrity": "sha512-QrWXB+ZQSVPmIWIhtEO9H+gwHaMGYiF5ChvoJ+K9ZGHG/sVsa6yiesAD1GC/x46sET00Xlwo1u49RVVVzvcSkw=="
    },
    "graceful-fs": {
      "version": "4.2.6",
      "resolved": "https://registry.npmjs.org/graceful-fs/-/graceful-fs-4.2.6.tgz",
      "integrity": "sha512-nTnJ528pbqxYanhpDYsi4Rd8MAeaBA67+RZ10CM1m3bTAVFEDcd5AuA4a6W5YkGZ1iNXHzZz8T6TBKLeBuNriQ=="
    },
    "mime-db": {
      "version": "1.47.0",
      "resolved": "https://registry.npmjs.org/mime-db/-/mime-db-1.47.0.tgz",
      "integrity": "sha512-QBmA/G2y+IfeS4oktet3qRZ+P5kPhCKRXxXnQEudYqUaEioAU1/Lq2us3D/t1Jfo4hE9REQPrbB7K5sOczJVIw=="
    },
    "mime-types": {
      "version": "2.1.30",
      "resolved": "https://registry.npmjs.org/mime-types/-/mime-types-2.1.30.tgz",
      "integrity": "sha512-crmjA4bLtR8m9qLpHvgxSChT+XoSlZi8J4n/aIdn3z92e/U47Z0V/yl+Wh9W046GgFVAmoNR/fmdbZYcSSIUeg==",
      "requires": {
        "mime-db": "1.47.0"
      }
    },
    "preferences": {
      "version": "2.0.2",
      "resolved": "https://registry.npmjs.org/preferences/-/preferences-2.0.2.tgz",
      "integrity": "sha512-Pc5qb/4ATHtikU4pky8MthNowe/yuhu5Wr7pPEC7pJyFZ2V7Nfh/9M0jNnZ64kiDK0nv1wDZ0TmY2ICMK0zjiw==",
      "requires": {
        "yaml": "^1.6.0"
      }
    },
    "yaml": {
      "version": "1.10.2",
      "resolved": "https://registry.npmjs.org/yaml/-/yaml-1.10.2.tgz",
      "integrity": "sha512-r3vXyErRCYJ7wg28yvBY5VSoAF8ZvlcW9/BwUzEtUsjvX/DKs24dIkuwjtuprwJJHsbyUbLApepYTR1BN4uHrg=="
    }
  }
}
